
Microsoft Visual Studio Solution File, Format Version 12.00
# Visual Studio Version 16
VisualStudioVersion = 16.0.31624.102
MinimumVisualStudioVersion = 10.0.40219.1
Project("{FAE04EC0-301F-11D3-BF4B-00C04F79EFBC}") = "CS315 Lab 7", "CS315 Lab 7\CS315 Lab 7.csproj", "{9A427F98-EA7B-4731-A73B-00A7A8F162AD}"
EndProject
Global
	GlobalSection(SolutionConfigurationPlatforms) = preSolution
		Debug|Any CPU = Debug|Any CPU
		Release|Any CPU = Release|Any CPU
	EndGlobalSection
	GlobalSection(ProjectConfigurationPlatforms) = postSolution
		{9A427F98-EA7B-4731-A73B-00A7A8F162AD}.Debug|Any CPU.ActiveCfg = Debug|Any CPU
		{9A427F98-EA7B-4731-A73B-00A7A8F162AD}.Debug|Any CPU.Build.0 = Debug|Any CPU
		{9A427F98-EA7B-4731-A73B-00A7A8F162AD}.Release|Any CPU.ActiveCfg = Release|Any CPU
		{9A427F98-EA7B-4731-A73B-00A7A8F162AD}.Release|Any CPU.Build.0 = Release|Any CPU
	EndGlobalSection
	GlobalSection(SolutionProperties) = preSolution
		HideSolutionNode = FALSE
	EndGlobalSection
	GlobalSection(ExtensibilityGlobals) = postSolution
		SolutionGuid = {BB561818-60BF-40B1-8CBE-69DA0C36C616}
	EndGlobalSection
EndGlobal
